
Microsoft Visual Studio Solution File, Format Version 12.00
# Visual Studio 15
VisualStudioVersion = 15.0.28010.2003
MinimumVisualStudioVersion = 10.0.40219.1
Project("{FAE04EC0-301F-11D3-BF4B-00C04F79EFBC}") = "1-001-CriandoThreads", "1-001-CriandoThreads\1-001-CriandoThreads.csproj", "{42817FA0-4F3A-4AD6-BAE1-436AC2A29ED6}"
EndProject
Project("{FAE04EC0-301F-11D3-BF4B-00C04F79EFBC}") = "1-002-ThreadBackground", "1-002-ThreadBackground\1-002-ThreadBackground.csproj", "{9EF5E7AB-67C5-49DF-8A2D-5E3AACB3EA13}"
EndProject
Project("{FAE04EC0-301F-11D3-BF4B-00C04F79EFBC}") = "1-003-ParameterizedThreadStart", "1-003-ParameterizedThreadStart\1-003-ParameterizedThreadStart.csproj", "{22749783-FD57-49D3-9EAC-2EA59CEED337}"
EndProject
Project("{FAE04EC0-301F-11D3-BF4B-00C04F79EFBC}") = "1-004-ParandoUmaThread", "1-004-ParandoUmaThread\1-004-ParandoUmaThread.csproj", "{86DBA579-90D1-4652-9AFE-94678F1B58C3}"
EndProject
Project("{FAE04EC0-301F-11D3-BF4B-00C04F79EFBC}") = "1-005-UsandoThreadStaticAttribute", "1-005-UsandoThreadStaticAttribute\1-005-UsandoThreadStaticAttribute.csproj", "{F503328A-E31D-48E6-BFE2-085EC2F8F896}"
EndProject
Project("{FAE04EC0-301F-11D3-BF4B-00C04F79EFBC}") = "1-006-UsandoThreadLocal", "1-006-UsandoThreadLocal\1-006-UsandoThreadLocal.csproj", "{D6BACB00-9FF6-4F7F-9B39-70DF9D723354}"
EndProject
Project("{FAE04EC0-301F-11D3-BF4B-00C04F79EFBC}") = "1-007-TrabalhandoComThreadPool", "1-007-TrabalhandoComThreadPool\1-007-TrabalhandoComThreadPool.csproj", "{26ABEBE8-DF65-4C1E-A210-EAE528C34372}"
EndProject
Project("{FAE04EC0-301F-11D3-BF4B-00C04F79EFBC}") = "1-008-IniciandoUmaTask", "1-008-IniciandoUmaTask\1-008-IniciandoUmaTask.csproj", "{5C2301AC-0F92-45E1-8DD9-C02DED5E24A9}"
EndProject
Project("{FAE04EC0-301F-11D3-BF4B-00C04F79EFBC}") = "1-009-UsandoTaskComRetorno", "1-009-UsandoTaskComRetorno\1-009-UsandoTaskComRetorno.csproj", "{2CBED832-84D5-4899-A707-3AE44D22D68C}"
EndProject
Project("{FAE04EC0-301F-11D3-BF4B-00C04F79EFBC}") = "1-010-UtilizandoTaskContinueWith", "1-010-UtilizandoTaskContinueWith\1-010-UtilizandoTaskContinueWith.csproj", "{331873B0-9BEA-4638-B754-61E5F4325704}"
EndProject
Project("{FAE04EC0-301F-11D3-BF4B-00C04F79EFBC}") = "1-011-UsandoMaisTaskContinueWith", "1-011-UsandoMaisTaskContinueWith\1-011-UsandoMaisTaskContinueWith.csproj", "{2FEB8D4E-1A25-4167-B21B-F6B34D387855}"
EndProject
Project("{FAE04EC0-301F-11D3-BF4B-00C04F79EFBC}") = "1-012-AnexandoTarefasFilhas", "1-012-AnexandoTarefasFilhas\1-012-AnexandoTarefasFilhas.csproj", "{29A3408A-7A88-44C8-BAFA-2681027209C2}"
EndProject
Project("{FAE04EC0-301F-11D3-BF4B-00C04F79EFBC}") = "1-013-UsandoTaskFactory", "1-013-UsandoTaskFactory\1-013-UsandoTaskFactory.csproj", "{D648D967-A826-4802-AB57-0809C3387E2F}"
EndProject
Project("{FAE04EC0-301F-11D3-BF4B-00C04F79EFBC}") = "1-014-UsandoTaskWaitAll", "1-014-UsandoTaskWaitAll\1-014-UsandoTaskWaitAll.csproj", "{3E2898E6-EE82-4986-AA37-60699D2024A5}"
EndProject
Project("{FAE04EC0-301F-11D3-BF4B-00C04F79EFBC}") = "1-015-UsandoTaskWaitAny", "1-015-UsandoTaskWaitAny\1-015-UsandoTaskWaitAny.csproj", "{B08DE7B3-5780-4ED5-9FC3-E72FFBEB9DE3}"
EndProject
Project("{FAE04EC0-301F-11D3-BF4B-00C04F79EFBC}") = "1-016-ParallelForForeach", "1-016-ParallelForForeach\1-016-ParallelForForeach.csproj", "{78B91754-FEF2-4FD8-93B6-C07FD7A36E6C}"
EndProject
Project("{FAE04EC0-301F-11D3-BF4B-00C04F79EFBC}") = "1-017-ParallelBreak", "1-017-ParallelBreak\1-017-ParallelBreak.csproj", "{CD38CEF7-5D76-4525-B336-77499B218BF1}"
EndProject
Project("{FAE04EC0-301F-11D3-BF4B-00C04F79EFBC}") = "1-018-AsyncAwait", "1-018-AsyncAwait\1-018-AsyncAwait.csproj", "{526308BF-4C04-4B94-8349-DDFDDDA91FD8}"
EndProject
Global
	GlobalSection(SolutionConfigurationPlatforms) = preSolution
		Debug|Any CPU = Debug|Any CPU
		Release|Any CPU = Release|Any CPU
	EndGlobalSection
	GlobalSection(ProjectConfigurationPlatforms) = postSolution
		{42817FA0-4F3A-4AD6-BAE1-436AC2A29ED6}.Debug|Any CPU.ActiveCfg = Debug|Any CPU
		{42817FA0-4F3A-4AD6-BAE1-436AC2A29ED6}.Debug|Any CPU.Build.0 = Debug|Any CPU
		{42817FA0-4F3A-4AD6-BAE1-436AC2A29ED6}.Release|Any CPU.ActiveCfg = Release|Any CPU
		{42817FA0-4F3A-4AD6-BAE1-436AC2A29ED6}.Release|Any CPU.Build.0 = Release|Any CPU
		{9EF5E7AB-67C5-49DF-8A2D-5E3AACB3EA13}.Debug|Any CPU.ActiveCfg = Debug|Any CPU
		{9EF5E7AB-67C5-49DF-8A2D-5E3AACB3EA13}.Debug|Any CPU.Build.0 = Debug|Any CPU
		{9EF5E7AB-67C5-49DF-8A2D-5E3AACB3EA13}.Release|Any CPU.ActiveCfg = Release|Any CPU
		{9EF5E7AB-67C5-49DF-8A2D-5E3AACB3EA13}.Release|Any CPU.Build.0 = Release|Any CPU
		{22749783-FD57-49D3-9EAC-2EA59CEED337}.Debug|Any CPU.ActiveCfg = Debug|Any CPU
		{22749783-FD57-49D3-9EAC-2EA59CEED337}.Debug|Any CPU.Build.0 = Debug|Any CPU
		{22749783-FD57-49D3-9EAC-2EA59CEED337}.Release|Any CPU.ActiveCfg = Release|Any CPU
		{22749783-FD57-49D3-9EAC-2EA59CEED337}.Release|Any CPU.Build.0 = Release|Any CPU
		{86DBA579-90D1-4652-9AFE-94678F1B58C3}.Debug|Any CPU.ActiveCfg = Debug|Any CPU
		{86DBA579-90D1-4652-9AFE-94678F1B58C3}.Debug|Any CPU.Build.0 = Debug|Any CPU
		{86DBA579-90D1-4652-9AFE-94678F1B58C3}.Release|Any CPU.ActiveCfg = Release|Any CPU
		{86DBA579-90D1-4652-9AFE-94678F1B58C3}.Release|Any CPU.Build.0 = Release|Any CPU
		{F503328A-E31D-48E6-BFE2-085EC2F8F896}.Debug|Any CPU.ActiveCfg = Debug|Any CPU
		{F503328A-E31D-48E6-BFE2-085EC2F8F896}.Debug|Any CPU.Build.0 = Debug|Any CPU
		{F503328A-E31D-48E6-BFE2-085EC2F8F896}.Release|Any CPU.ActiveCfg = Release|Any CPU
		{F503328A-E31D-48E6-BFE2-085EC2F8F896}.Release|Any CPU.Build.0 = Release|Any CPU
		{D6BACB00-9FF6-4F7F-9B39-70DF9D723354}.Debug|Any CPU.ActiveCfg = Debug|Any CPU
		{D6BACB00-9FF6-4F7F-9B39-70DF9D723354}.Debug|Any CPU.Build.0 = Debug|Any CPU
		{D6BACB00-9FF6-4F7F-9B39-70DF9D723354}.Release|Any CPU.ActiveCfg = Release|Any CPU
		{D6BACB00-9FF6-4F7F-9B39-70DF9D723354}.Release|Any CPU.Build.0 = Release|Any CPU
		{26ABEBE8-DF65-4C1E-A210-EAE528C34372}.Debug|Any CPU.ActiveCfg = Debug|Any CPU
		{26ABEBE8-DF65-4C1E-A210-EAE528C34372}.Debug|Any CPU.Build.0 = Debug|Any CPU
		{26ABEBE8-DF65-4C1E-A210-EAE528C34372}.Release|Any CPU.ActiveCfg = Release|Any CPU
		{26ABEBE8-DF65-4C1E-A210-EAE528C34372}.Release|Any CPU.Build.0 = Release|Any CPU
		{5C2301AC-0F92-45E1-8DD9-C02DED5E24A9}.Debug|Any CPU.ActiveCfg = Debug|Any CPU
		{5C2301AC-0F92-45E1-8DD9-C02DED5E24A9}.Debug|Any CPU.Build.0 = Debug|Any CPU
		{5C2301AC-0F92-45E1-8DD9-C02DED5E24A9}.Release|Any CPU.ActiveCfg = Release|Any CPU
		{5C2301AC-0F92-45E1-8DD9-C02DED5E24A9}.Release|Any CPU.Build.0 = Release|Any CPU
		{2CBED832-84D5-4899-A707-3AE44D22D68C}.Debug|Any CPU.ActiveCfg = Debug|Any CPU
		{2CBED832-84D5-4899-A707-3AE44D22D68C}.Debug|Any CPU.Build.0 = Debug|Any CPU
		{2CBED832-84D5-4899-A707-3AE44D22D68C}.Release|Any CPU.ActiveCfg = Release|Any CPU
		{2CBED832-84D5-4899-A707-3AE44D22D68C}.Release|Any CPU.Build.0 = Release|Any CPU
		{331873B0-9BEA-4638-B754-61E5F4325704}.Debug|Any CPU.ActiveCfg = Debug|Any CPU
		{331873B0-9BEA-4638-B754-61E5F4325704}.Debug|Any CPU.Build.0 = Debug|Any CPU
		{331873B0-9BEA-4638-B754-61E5F4325704}.Release|Any CPU.ActiveCfg = Release|Any CPU
		{331873B0-9BEA-4638-B754-61E5F4325704}.Release|Any CPU.Build.0 = Release|Any CPU
		{2FEB8D4E-1A25-4167-B21B-F6B34D387855}.Debug|Any CPU.ActiveCfg = Debug|Any CPU
		{2FEB8D4E-1A25-4167-B21B-F6B34D387855}.Debug|Any CPU.Build.0 = Debug|Any CPU
		{2FEB8D4E-1A25-4167-B21B-F6B34D387855}.Release|Any CPU.ActiveCfg = Release|Any CPU
		{2FEB8D4E-1A25-4167-B21B-F6B34D387855}.Release|Any CPU.Build.0 = Release|Any CPU
		{29A3408A-7A88-44C8-BAFA-2681027209C2}.Debug|Any CPU.ActiveCfg = Debug|Any CPU
		{29A3408A-7A88-44C8-BAFA-2681027209C2}.Debug|Any CPU.Build.0 = Debug|Any CPU
		{29A3408A-7A88-44C8-BAFA-2681027209C2}.Release|Any CPU.ActiveCfg = Release|Any CPU
		{29A3408A-7A88-44C8-BAFA-2681027209C2}.Release|Any CPU.Build.0 = Release|Any CPU
		{D648D967-A826-4802-AB57-0809C3387E2F}.Debug|Any CPU.ActiveCfg = Debug|Any CPU
		{D648D967-A826-4802-AB57-0809C3387E2F}.Debug|Any CPU.Build.0 = Debug|Any CPU
		{D648D967-A826-4802-AB57-0809C3387E2F}.Release|Any CPU.ActiveCfg = Release|Any CPU
		{D648D967-A826-4802-AB57-0809C3387E2F}.Release|Any CPU.Build.0 = Release|Any CPU
		{3E2898E6-EE82-4986-AA37-60699D2024A5}.Debug|Any CPU.ActiveCfg = Debug|Any CPU
		{3E2898E6-EE82-4986-AA37-60699D2024A5}.Debug|Any CPU.Build.0 = Debug|Any CPU
		{3E2898E6-EE82-4986-AA37-60699D2024A5}.Release|Any CPU.ActiveCfg = Release|Any CPU
		{3E2898E6-EE82-4986-AA37-60699D2024A5}.Release|Any CPU.Build.0 = Release|Any CPU
		{B08DE7B3-5780-4ED5-9FC3-E72FFBEB9DE3}.Debug|Any CPU.ActiveCfg = Debug|Any CPU
		{B08DE7B3-5780-4ED5-9FC3-E72FFBEB9DE3}.Debug|Any CPU.Build.0 = Debug|Any CPU
		{B08DE7B3-5780-4ED5-9FC3-E72FFBEB9DE3}.Release|Any CPU.ActiveCfg = Release|Any CPU
		{B08DE7B3-5780-4ED5-9FC3-E72FFBEB9DE3}.Release|Any CPU.Build.0 = Release|Any CPU
		{78B91754-FEF2-4FD8-93B6-C07FD7A36E6C}.Debug|Any CPU.ActiveCfg = Debug|Any CPU
		{78B91754-FEF2-4FD8-93B6-C07FD7A36E6C}.Debug|Any CPU.Build.0 = Debug|Any CPU
		{78B91754-FEF2-4FD8-93B6-C07FD7A36E6C}.Release|Any CPU.ActiveCfg = Release|Any CPU
		{78B91754-FEF2-4FD8-93B6-C07FD7A36E6C}.Release|Any CPU.Build.0 = Release|Any CPU
		{CD38CEF7-5D76-4525-B336-77499B218BF1}.Debug|Any CPU.ActiveCfg = Debug|Any CPU
		{CD38CEF7-5D76-4525-B336-77499B218BF1}.Debug|Any CPU.Build.0 = Debug|Any CPU
		{CD38CEF7-5D76-4525-B336-77499B218BF1}.Release|Any CPU.ActiveCfg = Release|Any CPU
		{CD38CEF7-5D76-4525-B336-77499B218BF1}.Release|Any CPU.Build.0 = Release|Any CPU
		{526308BF-4C04-4B94-8349-DDFDDDA91FD8}.Debug|Any CPU.ActiveCfg = Debug|Any CPU
		{526308BF-4C04-4B94-8349-DDFDDDA91FD8}.Debug|Any CPU.Build.0 = Debug|Any CPU
		{526308BF-4C04-4B94-8349-DDFDDDA91FD8}.Release|Any CPU.ActiveCfg = Release|Any CPU
		{526308BF-4C04-4B94-8349-DDFDDDA91FD8}.Release|Any CPU.Build.0 = Release|Any CPU
	EndGlobalSection
	GlobalSection(SolutionProperties) = preSolution
		HideSolutionNode = FALSE
	EndGlobalSection
	GlobalSection(ExtensibilityGlobals) = postSolution
		SolutionGuid = {51E24265-3673-427C-A2D4-908BF1C2E031}
	EndGlobalSection
EndGlobal
